{
  "name": "@yeanhui/myskills",
  "version": "0.2.2",
  "lockfileVersion": 3,
  "requires": true,
  "packages": {
    "": {
      "name": "@yeanhui/myskills",
      "version": "0.2.2",
      "license": "MIT",
      "bin": {
        "myskills": "bin/myskills.js"
      },
      "engines": {
        "node": ">=18"
      }
    }
  }
}
